
Microsoft Visual Studio Solution File, Format Version 12.00
# Visual Studio Version 16
VisualStudioVersion = 16.0.31321.278
MinimumVisualStudioVersion = 10.0.40219.1
Project("{FAE04EC0-301F-11D3-BF4B-00C04F79EFBC}") = "Day 5 Assignment", "Day 5 Assignment\Day 5 Assignment.csproj", "{A32EAEFA-F337-4F52-B255-B7281D693320}"
EndProject
Project("{FAE04EC0-301F-11D3-BF4B-00C04F79EFBC}") = "Model", "Model\Model.csproj", "{3D0FD7C3-37D1-41F7-9914-0DFEC48ECA1A}"
EndProject
Project("{FAE04EC0-301F-11D3-BF4B-00C04F79EFBC}") = "DataAccessLayer", "DataAccessLayer\DataAccessLayer.csproj", "{49753CCC-D318-480D-BD3B-B6DF4E826B3B}"
EndProject
Project("{FAE04EC0-301F-11D3-BF4B-00C04F79EFBC}") = "Repository", "Repository\Repository.csproj", "{0517986B-8163-48D3-A371-B047AAE3DF68}"
EndProject
Project("{FAE04EC0-301F-11D3-BF4B-00C04F79EFBC}") = "ViewModels", "ViewModels\ViewModels.csproj", "{BAF2DCAC-E2E7-423D-9200-49159D103ED5}"
EndProject
Global
	GlobalSection(SolutionConfigurationPlatforms) = preSolution
		Debug|Any CPU = Debug|Any CPU
		Release|Any CPU = Release|Any CPU
	EndGlobalSection
	GlobalSection(ProjectConfigurationPlatforms) = postSolution
		{A32EAEFA-F337-4F52-B255-B7281D693320}.Debug|Any CPU.ActiveCfg = Debug|Any CPU
		{A32EAEFA-F337-4F52-B255-B7281D693320}.Debug|Any CPU.Build.0 = Debug|Any CPU
		{A32EAEFA-F337-4F52-B255-B7281D693320}.Release|Any CPU.ActiveCfg = Release|Any CPU
		{A32EAEFA-F337-4F52-B255-B7281D693320}.Release|Any CPU.Build.0 = Release|Any CPU
		{3D0FD7C3-37D1-41F7-9914-0DFEC48ECA1A}.Debug|Any CPU.ActiveCfg = Debug|Any CPU
		{3D0FD7C3-37D1-41F7-9914-0DFEC48ECA1A}.Debug|Any CPU.Build.0 = Debug|Any CPU
		{3D0FD7C3-37D1-41F7-9914-0DFEC48ECA1A}.Release|Any CPU.ActiveCfg = Release|Any CPU
		{3D0FD7C3-37D1-41F7-9914-0DFEC48ECA1A}.Release|Any CPU.Build.0 = Release|Any CPU
		{49753CCC-D318-480D-BD3B-B6DF4E826B3B}.Debug|Any CPU.ActiveCfg = Debug|Any CPU
		{49753CCC-D318-480D-BD3B-B6DF4E826B3B}.Debug|Any CPU.Build.0 = Debug|Any CPU
		{49753CCC-D318-480D-BD3B-B6DF4E826B3B}.Release|Any CPU.ActiveCfg = Release|Any CPU
		{49753CCC-D318-480D-BD3B-B6DF4E826B3B}.Release|Any CPU.Build.0 = Release|Any CPU
		{0517986B-8163-48D3-A371-B047AAE3DF68}.Debug|Any CPU.ActiveCfg = Debug|Any CPU
		{0517986B-8163-48D3-A371-B047AAE3DF68}.Debug|Any CPU.Build.0 = Debug|Any CPU
		{0517986B-8163-48D3-A371-B047AAE3DF68}.Release|Any CPU.ActiveCfg = Release|Any CPU
		{0517986B-8163-48D3-A371-B047AAE3DF68}.Release|Any CPU.Build.0 = Release|Any CPU
		{BAF2DCAC-E2E7-423D-9200-49159D103ED5}.Debug|Any CPU.ActiveCfg = Debug|Any CPU
		{BAF2DCAC-E2E7-423D-9200-49159D103ED5}.Debug|Any CPU.Build.0 = Debug|Any CPU
		{BAF2DCAC-E2E7-423D-9200-49159D103ED5}.Release|Any CPU.ActiveCfg = Release|Any CPU
		{BAF2DCAC-E2E7-423D-9200-49159D103ED5}.Release|Any CPU.Build.0 = Release|Any CPU
	EndGlobalSection
	GlobalSection(SolutionProperties) = preSolution
		HideSolutionNode = FALSE
	EndGlobalSection
	GlobalSection(ExtensibilityGlobals) = postSolution
		SolutionGuid = {D8AF88B9-9632-40AC-9065-EDABCB499E4B}
	EndGlobalSection
EndGlobal
